
Microsoft Visual Studio Solution File, Format Version 12.00
# Visual Studio Version 17
VisualStudioVersion = 17.0.32126.317
MinimumVisualStudioVersion = 10.0.40219.1
Project("{FAE04EC0-301F-11D3-BF4B-00C04F79EFBC}") = "AOoEx", "AOoEx\AOoEx.csproj", "{B5523D0B-F598-4A3E-A45B-E12603E38C0E}"
EndProject
Global
	GlobalSection(SolutionConfigurationPlatforms) = preSolution
		Debug|Any CPU = Debug|Any CPU
		Release|Any CPU = Release|Any CPU
	EndGlobalSection
	GlobalSection(ProjectConfigurationPlatforms) = postSolution
		{B5523D0B-F598-4A3E-A45B-E12603E38C0E}.Debug|Any CPU.ActiveCfg = Debug|Any CPU
		{B5523D0B-F598-4A3E-A45B-E12603E38C0E}.Debug|Any CPU.Build.0 = Debug|Any CPU
		{B5523D0B-F598-4A3E-A45B-E12603E38C0E}.Release|Any CPU.ActiveCfg = Release|Any CPU
		{B5523D0B-F598-4A3E-A45B-E12603E38C0E}.Release|Any CPU.Build.0 = Release|Any CPU
	EndGlobalSection
	GlobalSection(SolutionProperties) = preSolution
		HideSolutionNode = FALSE
	EndGlobalSection
	GlobalSection(ExtensibilityGlobals) = postSolution
		SolutionGuid = {6C1B037E-8BE4-4DAA-AE7A-D09CD4F9524F}
	EndGlobalSection
EndGlobal
